
Microsoft Visual Studio Solution File, Format Version 12.00
# Visual Studio Version 17
VisualStudioVersion = 17.10.34928.147
MinimumVisualStudioVersion = 10.0.40219.1
Project("{FAE04EC0-301F-11D3-BF4B-00C04F79EFBC}") = "Clinical-get-back", "Clinical-get-back\Clinical-get-back.csproj", "{129B1A12-36C3-4845-896D-A85F527D764A}"
EndProject
Global
	GlobalSection(SolutionConfigurationPlatforms) = preSolution
		Debug|Any CPU = Debug|Any CPU
		Release|Any CPU = Release|Any CPU
	EndGlobalSection
	GlobalSection(ProjectConfigurationPlatforms) = postSolution
		{129B1A12-36C3-4845-896D-A85F527D764A}.Debug|Any CPU.ActiveCfg = Debug|Any CPU
		{129B1A12-36C3-4845-896D-A85F527D764A}.Debug|Any CPU.Build.0 = Debug|Any CPU
		{129B1A12-36C3-4845-896D-A85F527D764A}.Release|Any CPU.ActiveCfg = Release|Any CPU
		{129B1A12-36C3-4845-896D-A85F527D764A}.Release|Any CPU.Build.0 = Release|Any CPU
	EndGlobalSection
	GlobalSection(SolutionProperties) = preSolution
		HideSolutionNode = FALSE
	EndGlobalSection
	GlobalSection(ExtensibilityGlobals) = postSolution
		SolutionGuid = {964C3393-EC14-4B21-8F42-4391F8D06F4C}
	EndGlobalSection
EndGlobal
