
Microsoft Visual Studio Solution File, Format Version 12.00
# Visual Studio Version 17
VisualStudioVersion = 17.10.34928.147
MinimumVisualStudioVersion = 10.0.40219.1
Project("{9A19103F-16F7-4668-BE54-9A1E7A4F7556}") = "Clinical-get-back", "Clinical-get-back\Clinical-get-back.csproj", "{129B1A12-36C3-4845-896D-A85F527D764A}"
EndProject
Project("{2150E333-8FDC-42A3-9474-1A3956D46DE8}") = "Solution Items", "Solution Items", "{C086A904-5EA7-4E55-A530-68156C24BE5C}"
	ProjectSection(SolutionItems) = preProject
		Directory.Build.Props = Directory.Build.Props
	EndProjectSection
EndProject
Project("{E53339B2-1760-4266-BCC7-CA923CBCF16C}") = "docker-compose", "docker-compose.dcproj", "{1406CBDD-8AE3-479F-825E-DEC6891BDCC5}"
EndProject
Global
	GlobalSection(SolutionConfigurationPlatforms) = preSolution
		Debug|Any CPU = Debug|Any CPU
		Release|Any CPU = Release|Any CPU
	EndGlobalSection
	GlobalSection(ProjectConfigurationPlatforms) = postSolution
		{129B1A12-36C3-4845-896D-A85F527D764A}.Debug|Any CPU.ActiveCfg = Debug|Any CPU
		{129B1A12-36C3-4845-896D-A85F527D764A}.Debug|Any CPU.Build.0 = Debug|Any CPU
		{129B1A12-36C3-4845-896D-A85F527D764A}.Release|Any CPU.ActiveCfg = Release|Any CPU
		{129B1A12-36C3-4845-896D-A85F527D764A}.Release|Any CPU.Build.0 = Release|Any CPU
		{1406CBDD-8AE3-479F-825E-DEC6891BDCC5}.Debug|Any CPU.ActiveCfg = Debug|Any CPU
		{1406CBDD-8AE3-479F-825E-DEC6891BDCC5}.Debug|Any CPU.Build.0 = Debug|Any CPU
		{1406CBDD-8AE3-479F-825E-DEC6891BDCC5}.Release|Any CPU.ActiveCfg = Release|Any CPU
		{1406CBDD-8AE3-479F-825E-DEC6891BDCC5}.Release|Any CPU.Build.0 = Release|Any CPU
	EndGlobalSection
	GlobalSection(SolutionProperties) = preSolution
		HideSolutionNode = FALSE
	EndGlobalSection
	GlobalSection(ExtensibilityGlobals) = postSolution
		SolutionGuid = {964C3393-EC14-4B21-8F42-4391F8D06F4C}
	EndGlobalSection
EndGlobal
